// !$*UTF8*$!
{
	archiveVersion = 1;
	classes = {
	};
	objectVersion = 50;
	objects = {

/* Begin PBXBuildFile section */
		110AFE952589510B003A7DCE /* AppDelegate.swift in Sources */ = {isa = PBXBuildFile; fileRef = 110AFE942589510B003A7DCE /* AppDelegate.swift */; };
		110AFE972589510B003A7DCE /* SceneDelegate.swift in Sources */ = {isa = PBXBuildFile; fileRef = 110AFE962589510B003A7DCE /* SceneDelegate.swift */; };
		110AFE992589510B003A7DCE /* ViewController.swift in Sources */ = {isa = PBXBuildFile; fileRef = 110AFE982589510B003A7DCE /* ViewController.swift */; };
		110AFE9C2589510B003A7DCE /* Main.storyboard in Resources */ = {isa = PBXBuildFile; fileRef = 110AFE9A2589510B003A7DCE /* Main.storyboard */; };
		110AFE9F2589510C003A7DCE /* BeerList.xcdatamodeld in Sources */ = {isa = PBXBuildFile; fileRef = 110AFE9D2589510C003A7DCE /* BeerList.xcdatamodeld */; };
		110AFEA12589510D003A7DCE /* Assets.xcassets in Resources */ = {isa = PBXBuildFile; fileRef = 110AFEA02589510D003A7DCE /* Assets.xcassets */; };
		110AFEA42589510D003A7DCE /* LaunchScreen.storyboard in Resources */ = {isa = PBXBuildFile; fileRef = 110AFEA22589510D003A7DCE /* LaunchScreen.storyboard */; };
		110AFEAE2589528F003A7DCE /* BeerListTableViewController.swift in Sources */ = {isa = PBXBuildFile; fileRef = 110AFEAD2589528F003A7DCE /* BeerListTableViewController.swift */; };
		110AFEB1258953FF003A7DCE /* hop.png in Resources */ = {isa = PBXBuildFile; fileRef = 110AFEB0258953FF003A7DCE /* hop.png */; };
/* End PBXBuildFile section */

/* Begin PBXFileReference section */
		110AFE912589510B003A7DCE /* BeerList.app */ = {isa = PBXFileReference; explicitFileType = wrapper.application; includeInIndex = 0; path = BeerList.app; sourceTree = BUILT_PRODUCTS_DIR; };
		110AFE942589510B003A7DCE /* AppDelegate.swift */ = {isa = PBXFileReference; lastKnownFileType = sourcecode.swift; path = AppDelegate.swift; sourceTree = "<group>"; };
		110AFE962589510B003A7DCE /* SceneDelegate.swift */ = {isa = PBXFileReference; lastKnownFileType = sourcecode.swift; path = SceneDelegate.swift; sourceTree = "<group>"; };
		110AFE982589510B003A7DCE /* ViewController.swift */ = {isa = PBXFileReference; lastKnownFileType = sourcecode.swift; path = ViewController.swift; sourceTree = "<group>"; };
		110AFE9B2589510B003A7DCE /* Base */ = {isa = PBXFileReference; lastKnownFileType = file.storyboard; name = Base; path = Base.lproj/Main.storyboard; sourceTree = "<group>"; };
		110AFE9E2589510C003A7DCE /* BeerList.xcdatamodel */ = {isa = PBXFileReference; lastKnownFileType = wrapper.xcdatamodel; path = BeerList.xcdatamodel; sourceTree = "<group>"; };
		110AFEA02589510D003A7DCE /* Assets.xcassets */ = {isa = PBXFileReference; lastKnownFileType = folder.assetcatalog; path = Assets.xcassets; sourceTree = "<group>"; };
		110AFEA32589510D003A7DCE /* Base */ = {isa = PBXFileReference; lastKnownFileType = file.storyboard; name = Base; path = Base.lproj/LaunchScreen.storyboard; sourceTree = "<group>"; };
		110AFEA52589510D003A7DCE /* Info.plist */ = {isa = PBXFileReference; lastKnownFileType = text.plist.xml; path = Info.plist; sourceTree = "<group>"; };
		110AFEAD2589528F003A7DCE /* BeerListTableViewController.swift */ = {isa = PBXFileReference; lastKnownFileType = sourcecode.swift; path = BeerListTableViewController.swift; sourceTree = "<group>"; };
		110AFEB0258953FF003A7DCE /* hop.png */ = {isa = PBXFileReference; lastKnownFileType = image.png; name = hop.png; path = ../../../../../../Downloads/hop.png; sourceTree = "<group>"; };
/* End PBXFileReference section */

/* Begin PBXFrameworksBuildPhase section */
		110AFE8E2589510B003A7DCE /* Frameworks */ = {
			isa = PBXFrameworksBuildPhase;
			buildActionMask = 2147483647;
			files = (
			);
			runOnlyForDeploymentPostprocessing = 0;
		};
/* End PBXFrameworksBuildPhase section */

/* Begin PBXGroup section */
		110AFE882589510B003A7DCE = {
			isa = PBXGroup;
			children = (
				110AFE932589510B003A7DCE /* BeerList */,
				110AFE922589510B003A7DCE /* Products */,
			);
			sourceTree = "<group>";
		};
		110AFE922589510B003A7DCE /* Products */ = {
			isa = PBXGroup;
			children = (
				110AFE912589510B003A7DCE /* BeerList.app */,
			);
			name = Products;
			sourceTree = "<group>";
		};
		110AFE932589510B003A7DCE /* BeerList */ = {
			isa = PBXGroup;
			children = (
				110AFE942589510B003A7DCE /* AppDelegate.swift */,
				110AFE962589510B003A7DCE /* SceneDelegate.swift */,
				110AFE982589510B003A7DCE /* ViewController.swift */,
				110AFE9A2589510B003A7DCE /* Main.storyboard */,
				110AFEA02589510D003A7DCE /* Assets.xcassets */,
				110AFEA22589510D003A7DCE /* LaunchScreen.storyboard */,
				110AFEA52589510D003A7DCE /* Info.plist */,
				110AFE9D2589510C003A7DCE /* BeerList.xcdatamodeld */,
				110AFEAD2589528F003A7DCE /* BeerListTableViewController.swift */,
				110AFEB0258953FF003A7DCE /* hop.png */,
			);
			path = BeerList;
			sourceTree = "<group>";
		};
/* End PBXGroup section */

/* Begin PBXNativeTarget section */
		110AFE902589510B003A7DCE /* BeerList */ = {
			isa = PBXNativeTarget;
			buildConfigurationList = 110AFEA82589510D003A7DCE /* Build configuration list for PBXNativeTarget "BeerList" */;
			buildPhases = (
				110AFE8D2589510B003A7DCE /* Sources */,
				110AFE8E2589510B003A7DCE /* Frameworks */,
				110AFE8F2589510B003A7DCE /* Resources */,
			);
			buildRules = (
			);
			dependencies = (
			);
			name = BeerList;
			productName = BeerList;
			productReference = 110AFE912589510B003A7DCE /* BeerList.app */;
			productType = "com.apple.product-type.application";
		};
/* End PBXNativeTarget section */

/* Begin PBXProject section */
		110AFE892589510B003A7DCE /* Project object */ = {
			isa = PBXProject;
			attributes = {
				LastSwiftUpdateCheck = 1220;
				LastUpgradeCheck = 1220;
				TargetAttributes = {
					110AFE902589510B003A7DCE = {
						CreatedOnToolsVersion = 12.2;
					};
				};
			};
			buildConfigurationList = 110AFE8C2589510B003A7DCE /* Build configuration list for PBXProject "BeerList" */;
			compatibilityVersion = "Xcode 9.3";
			developmentRegion = en;
			hasScannedForEncodings = 0;
			knownRegions = (
				en,
				Base,
			);
			mainGroup = 110AFE882589510B003A7DCE;
			productRefGroup = 110AFE922589510B003A7DCE /* Products */;
			projectDirPath = "";
			projectRoot = "";
			targets = (
				110AFE902589510B003A7DCE /* BeerList */,
			);
		};
/* End PBXProject section */

/* Begin PBXResourcesBuildPhase section */
		110AFE8F2589510B003A7DCE /* Resources */ = {
			isa = PBXResourcesBuildPhase;
			buildActionMask = 2147483647;
			files = (
				110AFEA42589510D003A7DCE /* LaunchScreen.storyboard in Resources */,
				110AFEB1258953FF003A7DCE /* hop.png in Resources */,
				110AFEA12589510D003A7DCE /* Assets.xcassets in Resources */,
				110AFE9C2589510B003A7DCE /* Main.storyboard in Resources */,
			);
			runOnlyForDeploymentPostprocessing = 0;
		};
/* End PBXResourcesBuildPhase section */

/* Begin PBXSourcesBuildPhase section */
		110AFE8D2589510B003A7DCE /* Sources */ = {
			isa = PBXSourcesBuildPhase;
			buildActionMask = 2147483647;
			files = (
				110AFE992589510B003A7DCE /* ViewController.swift in Sources */,
				110AFEAE2589528F003A7DCE /* BeerListTableViewController.swift in Sources */,
				110AFE952589510B003A7DCE /* AppDelegate.swift in Sources */,
				110AFE972589510B003A7DCE /* SceneDelegate.swift in Sources */,
				110AFE9F2589510C003A7DCE /* BeerList.xcdatamodeld in Sources */,
			);
			runOnlyForDeploymentPostprocessing = 0;
		};
/* End PBXSourcesBuildPhase section */

/* Begin PBXVariantGroup section */
		110AFE9A2589510B003A7DCE /* Main.storyboard */ = {
			isa = PBXVariantGroup;
			children = (
				110AFE9B2589510B003A7DCE /* Base */,
			);
			name = Main.storyboard;
			sourceTree = "<group>";
		};
		110AFEA22589510D003A7DCE /* LaunchScreen.storyboard */ = {
			isa = PBXVariantGroup;
			children = (
				110AFEA32589510D003A7DCE /* Base */,
			);
			name = LaunchScreen.storyboard;
			sourceTree = "<group>";
		};
/* End PBXVariantGroup section */

/* Begin XCBuildConfiguration section */
		110AFEA62589510D003A7DCE /* Debug */ = {
			isa = XCBuildConfiguration;
			buildSettings = {
				ALWAYS_SEARCH_USER_PATHS = NO;
				CLANG_ANALYZER_NONNULL = YES;
				CLANG_ANALYZER_NUMBER_OBJECT_CONVERSION = YES_AGGRESSIVE;
				CLANG_CXX_LANGUAGE_STANDARD = "gnu++14";
				CLANG_CXX_LIBRARY = "libc++";
				CLANG_ENABLE_MODULES = YES;
				CLANG_ENABLE_OBJC_ARC = YES;
				CLANG_ENABLE_OBJC_WEAK = YES;
				CLANG_WARN_BLOCK_CAPTURE_AUTORELEASING = YES;
				CLANG_WARN_BOOL_CONVERSION = YES;
				CLANG_WARN_COMMA = YES;
				CLANG_WARN_CONSTANT_CONVERSION = YES;
				CLANG_WARN_DEPRECATED_OBJC_IMPLEMENTATIONS = YES;
				CLANG_WARN_DIRECT_OBJC_ISA_USAGE = YES_ERROR;
				CLANG_WARN_DOCUMENTATION_COMMENTS = YES;
				CLANG_WARN_EMPTY_BODY = YES;
				CLANG_WARN_ENUM_CONVERSION = YES;
				CLANG_WARN_INFINITE_RECURSION = YES;
				CLANG_WARN_INT_CONVERSION = YES;
				CLANG_WARN_NON_LITERAL_NULL_CONVERSION = YES;
				CLANG_WARN_OBJC_IMPLICIT_RETAIN_SELF = YES;
				CLANG_WARN_OBJC_LITERAL_CONVERSION = YES;
				CLANG_WARN_OBJC_ROOT_CLASS = YES_ERROR;
				CLANG_WARN_QUOTED_INCLUDE_IN_FRAMEWORK_HEADER = YES;
				CLANG_WARN_RANGE_LOOP_ANALYSIS = YES;
				CLANG_WARN_STRICT_PROTOTYPES = YES;
				CLANG_WARN_SUSPICIOUS_MOVE = YES;
				CLANG_WARN_UNGUARDED_AVAILABILITY = YES_AGGRESSIVE;
				CLANG_WARN_UNREACHABLE_CODE = YES;
				CLANG_WARN__DUPLICATE_METHOD_MATCH = YES;
				COPY_PHASE_STRIP = NO;
				DEBUG_INFORMATION_FORMAT = dwarf;
				ENABLE_STRICT_OBJC_MSGSEND = YES;
				ENABLE_TESTABILITY = YES;
				GCC_C_LANGUAGE_STANDARD = gnu11;
				GCC_DYNAMIC_NO_PIC = NO;
				GCC_NO_COMMON_BLOCKS = YES;
				GCC_OPTIMIZATION_LEVEL = 0;
				GCC_PREPROCESSOR_DEFINITIONS = (
					"DEBUG=1",
					"$(inherited)",
				);
				GCC_WARN_64_TO_32_BIT_CONVERSION = YES;
				GCC_WARN_ABOUT_RETURN_TYPE = YES_ERROR;
				GCC_WARN_UNDECLARED_SELECTOR = YES;
				GCC_WARN_UNINITIALIZED_AUTOS = YES_AGGRESSIVE;
				GCC_WARN_UNUSED_FUNCTION = YES;
				GCC_WARN_UNUSED_VARIABLE = YES;
				IPHONEOS_DEPLOYMENT_TARGET = 14.2;
				MTL_ENABLE_DEBUG_INFO = INCLUDE_SOURCE;
				MTL_FAST_MATH = YES;
				ONLY_ACTIVE_ARCH = YES;
				SDKROOT = iphoneos;
				SWIFT_ACTIVE_COMPILATION_CONDITIONS = DEBUG;
				SWIFT_OPTIMIZATION_LEVEL = "-Onone";
			};
			name = Debug;
		};
		110AFEA72589510D003A7DCE /* Release */ = {
			isa = XCBuildConfiguration;
			buildSettings = {
				ALWAYS_SEARCH_USER_PATHS = NO;
				CLANG_ANALYZER_NONNULL = YES;
				CLANG_ANALYZER_NUMBER_OBJECT_CONVERSION = YES_AGGRESSIVE;
				CLANG_CXX_LANGUAGE_STANDARD = "gnu++14";
				CLANG_CXX_LIBRARY = "libc++";
				CLANG_ENABLE_MODULES = YES;
				CLANG_ENABLE_OBJC_ARC = YES;
				CLANG_ENABLE_OBJC_WEAK = YES;
				CLANG_WARN_BLOCK_CAPTURE_AUTORELEASING = YES;
				CLANG_WARN_BOOL_CONVERSION = YES;
				CLANG_WARN_COMMA = YES;
				CLANG_WARN_CONSTANT_CONVERSION = YES;
				CLANG_WARN_DEPRECATED_OBJC_IMPLEMENTATIONS = YES;
				CLANG_WARN_DIRECT_OBJC_ISA_USAGE = YES_ERROR;
				CLANG_WARN_DOCUMENTATION_COMMENTS = YES;
				CLANG_WARN_EMPTY_BODY = YES;
				CLANG_WARN_ENUM_CONVERSION = YES;
				CLANG_WARN_INFINITE_RECURSION = YES;
				CLANG_WARN_INT_CONVERSION = YES;
				CLANG_WARN_NON_LITERAL_NULL_CONVERSION = YES;
				CLANG_WARN_OBJC_IMPLICIT_RETAIN_SELF = YES;
				CLANG_WARN_OBJC_LITERAL_CONVERSION = YES;
				CLANG_WARN_OBJC_ROOT_CLASS = YES_ERROR;
				CLANG_WARN_QUOTED_INCLUDE_IN_FRAMEWORK_HEADER = YES;
				CLANG_WARN_RANGE_LOOP_ANALYSIS = YES;
				CLANG_WARN_STRICT_PROTOTYPES = YES;
				CLANG_WARN_SUSPICIOUS_MOVE = YES;
				CLANG_WARN_UNGUARDED_AVAILABILITY = YES_AGGRESSIVE;
				CLANG_WARN_UNREACHABLE_CODE = YES;
				CLANG_WARN__DUPLICATE_METHOD_MATCH = YES;
				COPY_PHASE_STRIP = NO;
				DEBUG_INFORMATION_FORMAT = "dwarf-with-dsym";
				ENABLE_NS_ASSERTIONS = NO;
				ENABLE_STRICT_OBJC_MSGSEND = YES;
				GCC_C_LANGUAGE_STANDARD = gnu11;
				GCC_NO_COMMON_BLOCKS = YES;
				GCC_WARN_64_TO_32_BIT_CONVERSION = YES;
				GCC_WARN_ABOUT_RETURN_TYPE = YES_ERROR;
				GCC_WARN_UNDECLARED_SELECTOR = YES;
				GCC_WARN_UNINITIALIZED_AUTOS = YES_AGGRESSIVE;
				GCC_WARN_UNUSED_FUNCTION = YES;
				GCC_WARN_UNUSED_VARIABLE = YES;
				IPHONEOS_DEPLOYMENT_TARGET = 14.2;
				MTL_ENABLE_DEBUG_INFO = NO;
				MTL_FAST_MATH = YES;
				SDKROOT = iphoneos;
				SWIFT_COMPILATION_MODE = wholemodule;
				SWIFT_OPTIMIZATION_LEVEL = "-O";
				VALIDATE_PRODUCT = YES;
			};
			name = Release;
		};
		110AFEA92589510D003A7DCE /* Debug */ = {
			isa = XCBuildConfiguration;
			buildSettings = {
				ASSETCATALOG_COMPILER_APPICON_NAME = AppIcon;
				ASSETCATALOG_COMPILER_GLOBAL_ACCENT_COLOR_NAME = AccentColor;
				CODE_SIGN_STYLE = Automatic;
				INFOPLIST_FILE = BeerList/Info.plist;
				LD_RUNPATH_SEARCH_PATHS = (
					"$(inherited)",
					"@executable_path/Frameworks",
				);
				PRODUCT_BUNDLE_IDENTIFIER = br.com.renato.BeerList;
				PRODUCT_NAME = "$(TARGET_NAME)";
				SWIFT_VERSION = 5.0;
				TARGETED_DEVICE_FAMILY = "1,2";
			};
			name = Debug;
		};
		110AFEAA2589510D003A7DCE /* Release */ = {
			isa = XCBuildConfiguration;
			buildSettings = {
				ASSETCATALOG_COMPILER_APPICON_NAME = AppIcon;
				ASSETCATALOG_COMPILER_GLOBAL_ACCENT_COLOR_NAME = AccentColor;
				CODE_SIGN_STYLE = Automatic;
				INFOPLIST_FILE = BeerList/Info.plist;
				LD_RUNPATH_SEARCH_PATHS = (
					"$(inherited)",
					"@executable_path/Frameworks",
				);
				PRODUCT_BUNDLE_IDENTIFIER = br.com.renato.BeerList;
				PRODUCT_NAME = "$(TARGET_NAME)";
				SWIFT_VERSION = 5.0;
				TARGETED_DEVICE_FAMILY = "1,2";
			};
			name = Release;
		};
/* End XCBuildConfiguration section */

/* Begin XCConfigurationList section */
		110AFE8C2589510B003A7DCE /* Build configuration list for PBXProject "BeerList" */ = {
			isa = XCConfigurationList;
			buildConfigurations = (
				110AFEA62589510D003A7DCE /* Debug */,
				110AFEA72589510D003A7DCE /* Release */,
			);
			defaultConfigurationIsVisible = 0;
			defaultConfigurationName = Release;
		};
		110AFEA82589510D003A7DCE /* Build configuration list for PBXNativeTarget "BeerList" */ = {
			isa = XCConfigurationList;
			buildConfigurations = (
				110AFEA92589510D003A7DCE /* Debug */,
				110AFEAA2589510D003A7DCE /* Release */,
			);
			defaultConfigurationIsVisible = 0;
			defaultConfigurationName = Release;
		};
/* End XCConfigurationList section */

/* Begin XCVersionGroup section */
		110AFE9D2589510C003A7DCE /* BeerList.xcdatamodeld */ = {
			isa = XCVersionGroup;
			children = (
				110AFE9E2589510C003A7DCE /* BeerList.xcdatamodel */,
			);
			currentVersion = 110AFE9E2589510C003A7DCE /* BeerList.xcdatamodel */;
			path = BeerList.xcdatamodeld;
			sourceTree = "<group>";
			versionGroupType = wrapper.xcdatamodel;
		};
/* End XCVersionGroup section */
	};
	rootObject = 110AFE892589510B003A7DCE /* Project object */;
}
